
Microsoft Visual Studio Solution File, Format Version 12.00
# Visual Studio 15
VisualStudioVersion = 15.0.26124.0
MinimumVisualStudioVersion = 15.0.26124.0
Project("{FAE04EC0-301F-11D3-BF4B-00C04F79EFBC}") = "SolarCoffee.Data", "SolarCoffee.Data\SolarCoffee.Data.csproj", "{C61495B2-5B7E-4019-8014-2632769FDEA5}"
EndProject
Project("{FAE04EC0-301F-11D3-BF4B-00C04F79EFBC}") = "SolarCoffee.Services", "SolarCoffee.Services\SolarCoffee.Services.csproj", "{D43C5199-18D7-482F-B376-3F9D6A4726DD}"
EndProject
Project("{FAE04EC0-301F-11D3-BF4B-00C04F79EFBC}") = "SolarCoffee.Test", "SolarCoffee.Test\SolarCoffee.Test.csproj", "{DD55D787-4426-48F4-9946-777337A15E25}"
EndProject
Project("{FAE04EC0-301F-11D3-BF4B-00C04F79EFBC}") = "SolarCoffee.Web", "SolarCoffee.Web\SolarCoffee.Web.csproj", "{6A89713B-C499-46C5-80B9-BC2CF29A39F5}"
EndProject
Global
	GlobalSection(SolutionConfigurationPlatforms) = preSolution
		Debug|Any CPU = Debug|Any CPU
		Debug|x64 = Debug|x64
		Debug|x86 = Debug|x86
		Release|Any CPU = Release|Any CPU
		Release|x64 = Release|x64
		Release|x86 = Release|x86
	EndGlobalSection
	GlobalSection(SolutionProperties) = preSolution
		HideSolutionNode = FALSE
	EndGlobalSection
	GlobalSection(ProjectConfigurationPlatforms) = postSolution
		{C61495B2-5B7E-4019-8014-2632769FDEA5}.Debug|Any CPU.ActiveCfg = Debug|Any CPU
		{C61495B2-5B7E-4019-8014-2632769FDEA5}.Debug|Any CPU.Build.0 = Debug|Any CPU
		{C61495B2-5B7E-4019-8014-2632769FDEA5}.Debug|x64.ActiveCfg = Debug|Any CPU
		{C61495B2-5B7E-4019-8014-2632769FDEA5}.Debug|x64.Build.0 = Debug|Any CPU
		{C61495B2-5B7E-4019-8014-2632769FDEA5}.Debug|x86.ActiveCfg = Debug|Any CPU
		{C61495B2-5B7E-4019-8014-2632769FDEA5}.Debug|x86.Build.0 = Debug|Any CPU
		{C61495B2-5B7E-4019-8014-2632769FDEA5}.Release|Any CPU.ActiveCfg = Release|Any CPU
		{C61495B2-5B7E-4019-8014-2632769FDEA5}.Release|Any CPU.Build.0 = Release|Any CPU
		{C61495B2-5B7E-4019-8014-2632769FDEA5}.Release|x64.ActiveCfg = Release|Any CPU
		{C61495B2-5B7E-4019-8014-2632769FDEA5}.Release|x64.Build.0 = Release|Any CPU
		{C61495B2-5B7E-4019-8014-2632769FDEA5}.Release|x86.ActiveCfg = Release|Any CPU
		{C61495B2-5B7E-4019-8014-2632769FDEA5}.Release|x86.Build.0 = Release|Any CPU
		{D43C5199-18D7-482F-B376-3F9D6A4726DD}.Debug|Any CPU.ActiveCfg = Debug|Any CPU
		{D43C5199-18D7-482F-B376-3F9D6A4726DD}.Debug|Any CPU.Build.0 = Debug|Any CPU
		{D43C5199-18D7-482F-B376-3F9D6A4726DD}.Debug|x64.ActiveCfg = Debug|Any CPU
		{D43C5199-18D7-482F-B376-3F9D6A4726DD}.Debug|x64.Build.0 = Debug|Any CPU
		{D43C5199-18D7-482F-B376-3F9D6A4726DD}.Debug|x86.ActiveCfg = Debug|Any CPU
		{D43C5199-18D7-482F-B376-3F9D6A4726DD}.Debug|x86.Build.0 = Debug|Any CPU
		{D43C5199-18D7-482F-B376-3F9D6A4726DD}.Release|Any CPU.ActiveCfg = Release|Any CPU
		{D43C5199-18D7-482F-B376-3F9D6A4726DD}.Release|Any CPU.Build.0 = Release|Any CPU
		{D43C5199-18D7-482F-B376-3F9D6A4726DD}.Release|x64.ActiveCfg = Release|Any CPU
		{D43C5199-18D7-482F-B376-3F9D6A4726DD}.Release|x64.Build.0 = Release|Any CPU
		{D43C5199-18D7-482F-B376-3F9D6A4726DD}.Release|x86.ActiveCfg = Release|Any CPU
		{D43C5199-18D7-482F-B376-3F9D6A4726DD}.Release|x86.Build.0 = Release|Any CPU
		{DD55D787-4426-48F4-9946-777337A15E25}.Debug|Any CPU.ActiveCfg = Debug|Any CPU
		{DD55D787-4426-48F4-9946-777337A15E25}.Debug|Any CPU.Build.0 = Debug|Any CPU
		{DD55D787-4426-48F4-9946-777337A15E25}.Debug|x64.ActiveCfg = Debug|Any CPU
		{DD55D787-4426-48F4-9946-777337A15E25}.Debug|x64.Build.0 = Debug|Any CPU
		{DD55D787-4426-48F4-9946-777337A15E25}.Debug|x86.ActiveCfg = Debug|Any CPU
		{DD55D787-4426-48F4-9946-777337A15E25}.Debug|x86.Build.0 = Debug|Any CPU
		{DD55D787-4426-48F4-9946-777337A15E25}.Release|Any CPU.ActiveCfg = Release|Any CPU
		{DD55D787-4426-48F4-9946-777337A15E25}.Release|Any CPU.Build.0 = Release|Any CPU
		{DD55D787-4426-48F4-9946-777337A15E25}.Release|x64.ActiveCfg = Release|Any CPU
		{DD55D787-4426-48F4-9946-777337A15E25}.Release|x64.Build.0 = Release|Any CPU
		{DD55D787-4426-48F4-9946-777337A15E25}.Release|x86.ActiveCfg = Release|Any CPU
		{DD55D787-4426-48F4-9946-777337A15E25}.Release|x86.Build.0 = Release|Any CPU
		{6A89713B-C499-46C5-80B9-BC2CF29A39F5}.Debug|Any CPU.ActiveCfg = Debug|Any CPU
		{6A89713B-C499-46C5-80B9-BC2CF29A39F5}.Debug|Any CPU.Build.0 = Debug|Any CPU
		{6A89713B-C499-46C5-80B9-BC2CF29A39F5}.Debug|x64.ActiveCfg = Debug|Any CPU
		{6A89713B-C499-46C5-80B9-BC2CF29A39F5}.Debug|x64.Build.0 = Debug|Any CPU
		{6A89713B-C499-46C5-80B9-BC2CF29A39F5}.Debug|x86.ActiveCfg = Debug|Any CPU
		{6A89713B-C499-46C5-80B9-BC2CF29A39F5}.Debug|x86.Build.0 = Debug|Any CPU
		{6A89713B-C499-46C5-80B9-BC2CF29A39F5}.Release|Any CPU.ActiveCfg = Release|Any CPU
		{6A89713B-C499-46C5-80B9-BC2CF29A39F5}.Release|Any CPU.Build.0 = Release|Any CPU
		{6A89713B-C499-46C5-80B9-BC2CF29A39F5}.Release|x64.ActiveCfg = Release|Any CPU
		{6A89713B-C499-46C5-80B9-BC2CF29A39F5}.Release|x64.Build.0 = Release|Any CPU
		{6A89713B-C499-46C5-80B9-BC2CF29A39F5}.Release|x86.ActiveCfg = Release|Any CPU
		{6A89713B-C499-46C5-80B9-BC2CF29A39F5}.Release|x86.Build.0 = Release|Any CPU
	EndGlobalSection
EndGlobal
